// !$*UTF8*$!
{
	archiveVersion = 1;
	classes = {
	};
	objectVersion = 46;
	objects = {

/* Begin PBXBuildFile section */
		36134439186A7BC40056AB33 /* a.bin in Resources */ = {isa = PBXBuildFile; fileRef = 3613441D186A7BC40056AB33 /* a.bin */; };
		3613443A186A7BC40056AB33 /* b.bin in Resources */ = {isa = PBXBuildFile; fileRef = 3613441E186A7BC40056AB33 /* b.bin */; };
		3613443B186A7BC40056AB33 /* c.bin in Resources */ = {isa = PBXBuildFile; fileRef = 3613441F186A7BC40056AB33 /* c.bin */; };
		3613443C186A7BC40056AB33 /* d.bin in Resources */ = {isa = PBXBuildFile; fileRef = 36134420186A7BC40056AB33 /* d.bin */; };
		3613443D186A7BC40056AB33 /* e.bin in Resources */ = {isa = PBXBuildFile; fileRef = 36134421186A7BC40056AB33 /* e.bin */; };
		3613443E186A7BC40056AB33 /* f.bin in Resources */ = {isa = PBXBuildFile; fileRef = 36134422186A7BC40056AB33 /* f.bin */; };
		3613443F186A7BC40056AB33 /* g.bin in Resources */ = {isa = PBXBuildFile; fileRef = 36134423186A7BC40056AB33 /* g.bin */; };
		36134440186A7BC40056AB33 /* h.bin in Resources */ = {isa = PBXBuildFile; fileRef = 36134424186A7BC40056AB33 /* h.bin */; };
		36134441186A7BC40056AB33 /* i.bin in Resources */ = {isa = PBXBuildFile; fileRef = 36134425186A7BC40056AB33 /* i.bin */; };
		36134442186A7BC40056AB33 /* j.bin in Resources */ = {isa = PBXBuildFile; fileRef = 36134426186A7BC40056AB33 /* j.bin */; };
		36134443186A7BC40056AB33 /* k.bin in Resources */ = {isa = PBXBuildFile; fileRef = 36134427186A7BC40056AB33 /* k.bin */; };
		36134444186A7BC40056AB33 /* l.bin in Resources */ = {isa = PBXBuildFile; fileRef = 36134428186A7BC40056AB33 /* l.bin */; };
		36134445186A7BC40056AB33 /* m.bin in Resources */ = {isa = PBXBuildFile; fileRef = 36134429186A7BC40056AB33 /* m.bin */; };
		36134446186A7BC40056AB33 /* n.bin in Resources */ = {isa = PBXBuildFile; fileRef = 3613442A186A7BC40056AB33 /* n.bin */; };
		36134447186A7BC40056AB33 /* o.bin in Resources */ = {isa = PBXBuildFile; fileRef = 3613442B186A7BC40056AB33 /* o.bin */; };
		36134448186A7BC40056AB33 /* p.bin in Resources */ = {isa = PBXBuildFile; fileRef = 3613442C186A7BC40056AB33 /* p.bin */; };
		36134449186A7BC40056AB33 /* q.bin in Resources */ = {isa = PBXBuildFile; fileRef = 3613442D186A7BC40056AB33 /* q.bin */; };
		3613444A186A7BC40056AB33 /* r.bin in Resources */ = {isa = PBXBuildFile; fileRef = 3613442E186A7BC40056AB33 /* r.bin */; };
		3613444B186A7BC40056AB33 /* s.bin in Resources */ = {isa = PBXBuildFile; fileRef = 3613442F186A7BC40056AB33 /* s.bin */; };
		3613444C186A7BC40056AB33 /* t.bin in Resources */ = {isa = PBXBuildFile; fileRef = 36134430186A7BC40056AB33 /* t.bin */; };
		3613444D186A7BC40056AB33 /* u.bin in Resources */ = {isa = PBXBuildFile; fileRef = 36134431186A7BC40056AB33 /* u.bin */; };
		3613444E186A7BC40056AB33 /* v.bin in Resources */ = {isa = PBXBuildFile; fileRef = 36134432186A7BC40056AB33 /* v.bin */; };
		3613444F186A7BC40056AB33 /* w.bin in Resources */ = {isa = PBXBuildFile; fileRef = 36134433186A7BC40056AB33 /* w.bin */; };
		36134450186A7BC40056AB33 /* x.bin in Resources */ = {isa = PBXBuildFile; fileRef = 36134434186A7BC40056AB33 /* x.bin */; };
		36134451186A7BC40056AB33 /* y.bin in Resources */ = {isa = PBXBuildFile; fileRef = 36134435186A7BC40056AB33 /* y.bin */; };
		36134452186A7BC40056AB33 /* z.bin in Resources */ = {isa = PBXBuildFile; fileRef = 36134436186A7BC40056AB33 /* z.bin */; };
		36134453186A7BC40056AB33 /* dandy.png in Resources */ = {isa = PBXBuildFile; fileRef = 36134438186A7BC40056AB33 /* dandy.png */; };
		36134456186A7CB40056AB33 /* Level.m in Sources */ = {isa = PBXBuildFile; fileRef = 36134455186A7CB40056AB33 /* Level.m */; };
		36134459186B5C1C0056AB33 /* DGame.m in Sources */ = {isa = PBXBuildFile; fileRef = 36134458186B5C1C0056AB33 /* DGame.m */; };
		3613445C186B6E760056AB33 /* LevelRenderer.m in Sources */ = {isa = PBXBuildFile; fileRef = 3613445B186B6E760056AB33 /* LevelRenderer.m */; };
		36C00208186A75D0001EBF13 /* Foundation.framework in Frameworks */ = {isa = PBXBuildFile; fileRef = 36C00207186A75D0001EBF13 /* Foundation.framework */; };
		36C0020A186A75D0001EBF13 /* CoreGraphics.framework in Frameworks */ = {isa = PBXBuildFile; fileRef = 36C00209186A75D0001EBF13 /* CoreGraphics.framework */; };
		36C0020C186A75D0001EBF13 /* UIKit.framework in Frameworks */ = {isa = PBXBuildFile; fileRef = 36C0020B186A75D0001EBF13 /* UIKit.framework */; };
		36C0020E186A75D0001EBF13 /* GLKit.framework in Frameworks */ = {isa = PBXBuildFile; fileRef = 36C0020D186A75D0001EBF13 /* GLKit.framework */; };
		36C00210186A75D0001EBF13 /* OpenGLES.framework in Frameworks */ = {isa = PBXBuildFile; fileRef = 36C0020F186A75D0001EBF13 /* OpenGLES.framework */; };
		36C00216186A75D0001EBF13 /* InfoPlist.strings in Resources */ = {isa = PBXBuildFile; fileRef = 36C00214186A75D0001EBF13 /* InfoPlist.strings */; };
		36C00218186A75D0001EBF13 /* main.m in Sources */ = {isa = PBXBuildFile; fileRef = 36C00217186A75D0001EBF13 /* main.m */; };
		36C0021C186A75D0001EBF13 /* DAppDelegate.m in Sources */ = {isa = PBXBuildFile; fileRef = 36C0021B186A75D0001EBF13 /* DAppDelegate.m */; };
		36C0021F186A75D0001EBF13 /* Main_iPhone.storyboard in Resources */ = {isa = PBXBuildFile; fileRef = 36C0021D186A75D0001EBF13 /* Main_iPhone.storyboard */; };
		36C00222186A75D0001EBF13 /* Main_iPad.storyboard in Resources */ = {isa = PBXBuildFile; fileRef = 36C00220186A75D0001EBF13 /* Main_iPad.storyboard */; };
		36C00224186A75D0001EBF13 /* Shader.fsh in Resources */ = {isa = PBXBuildFile; fileRef = 36C00223186A75D0001EBF13 /* Shader.fsh */; };
		36C00226186A75D0001EBF13 /* Shader.vsh in Resources */ = {isa = PBXBuildFile; fileRef = 36C00225186A75D0001EBF13 /* Shader.vsh */; };
		36C00229186A75D0001EBF13 /* DViewController.m in Sources */ = {isa = PBXBuildFile; fileRef = 36C00228186A75D0001EBF13 /* DViewController.m */; };
		36C0022B186A75D0001EBF13 /* Images.xcassets in Resources */ = {isa = PBXBuildFile; fileRef = 36C0022A186A75D0001EBF13 /* Images.xcassets */; };
		36C00232186A75D0001EBF13 /* XCTest.framework in Frameworks */ = {isa = PBXBuildFile; fileRef = 36C00231186A75D0001EBF13 /* XCTest.framework */; };
		36C00233186A75D0001EBF13 /* Foundation.framework in Frameworks */ = {isa = PBXBuildFile; fileRef = 36C00207186A75D0001EBF13 /* Foundation.framework */; };
		36C00234186A75D0001EBF13 /* UIKit.framework in Frameworks */ = {isa = PBXBuildFile; fileRef = 36C0020B186A75D0001EBF13 /* UIKit.framework */; };
		36C0023C186A75D0001EBF13 /* InfoPlist.strings in Resources */ = {isa = PBXBuildFile; fileRef = 36C0023A186A75D0001EBF13 /* InfoPlist.strings */; };
		36C0023E186A75D0001EBF13 /* DandyTests.m in Sources */ = {isa = PBXBuildFile; fileRef = 36C0023D186A75D0001EBF13 /* DandyTests.m */; };
/* End PBXBuildFile section */

/* Begin PBXContainerItemProxy section */
		36C00235186A75D0001EBF13 /* PBXContainerItemProxy */ = {
			isa = PBXContainerItemProxy;
			containerPortal = 36C001FC186A75D0001EBF13 /* Project object */;
			proxyType = 1;
			remoteGlobalIDString = 36C00203186A75D0001EBF13;
			remoteInfo = Dandy;
		};
/* End PBXContainerItemProxy section */

/* Begin PBXFileReference section */
		3613441D186A7BC40056AB33 /* a.bin */ = {isa = PBXFileReference; lastKnownFileType = archive.macbinary; path = a.bin; sourceTree = "<group>"; };
		3613441E186A7BC40056AB33 /* b.bin */ = {isa = PBXFileReference; lastKnownFileType = archive.macbinary; path = b.bin; sourceTree = "<group>"; };
		3613441F186A7BC40056AB33 /* c.bin */ = {isa = PBXFileReference; lastKnownFileType = archive.macbinary; path = c.bin; sourceTree = "<group>"; };
		36134420186A7BC40056AB33 /* d.bin */ = {isa = PBXFileReference; lastKnownFileType = archive.macbinary; path = d.bin; sourceTree = "<group>"; };
		36134421186A7BC40056AB33 /* e.bin */ = {isa = PBXFileReference; lastKnownFileType = archive.macbinary; path = e.bin; sourceTree = "<group>"; };
		36134422186A7BC40056AB33 /* f.bin */ = {isa = PBXFileReference; lastKnownFileType = archive.macbinary; path = f.bin; sourceTree = "<group>"; };
		36134423186A7BC40056AB33 /* g.bin */ = {isa = PBXFileReference; lastKnownFileType = archive.macbinary; path = g.bin; sourceTree = "<group>"; };
		36134424186A7BC40056AB33 /* h.bin */ = {isa = PBXFileReference; lastKnownFileType = archive.macbinary; path = h.bin; sourceTree = "<group>"; };
		36134425186A7BC40056AB33 /* i.bin */ = {isa = PBXFileReference; lastKnownFileType = archive.macbinary; path = i.bin; sourceTree = "<group>"; };
		36134426186A7BC40056AB33 /* j.bin */ = {isa = PBXFileReference; lastKnownFileType = archive.macbinary; path = j.bin; sourceTree = "<group>"; };
		36134427186A7BC40056AB33 /* k.bin */ = {isa = PBXFileReference; lastKnownFileType = archive.macbinary; path = k.bin; sourceTree = "<group>"; };
		36134428186A7BC40056AB33 /* l.bin */ = {isa = PBXFileReference; lastKnownFileType = archive.macbinary; path = l.bin; sourceTree = "<group>"; };
		36134429186A7BC40056AB33 /* m.bin */ = {isa = PBXFileReference; lastKnownFileType = archive.macbinary; path = m.bin; sourceTree = "<group>"; };
		3613442A186A7BC40056AB33 /* n.bin */ = {isa = PBXFileReference; lastKnownFileType = archive.macbinary; path = n.bin; sourceTree = "<group>"; };
		3613442B186A7BC40056AB33 /* o.bin */ = {isa = PBXFileReference; lastKnownFileType = archive.macbinary; path = o.bin; sourceTree = "<group>"; };
		3613442C186A7BC40056AB33 /* p.bin */ = {isa = PBXFileReference; lastKnownFileType = archive.macbinary; path = p.bin; sourceTree = "<group>"; };
		3613442D186A7BC40056AB33 /* q.bin */ = {isa = PBXFileReference; lastKnownFileType = archive.macbinary; path = q.bin; sourceTree = "<group>"; };
		3613442E186A7BC40056AB33 /* r.bin */ = {isa = PBXFileReference; lastKnownFileType = archive.macbinary; path = r.bin; sourceTree = "<group>"; };
		3613442F186A7BC40056AB33 /* s.bin */ = {isa = PBXFileReference; lastKnownFileType = archive.macbinary; path = s.bin; sourceTree = "<group>"; };
		36134430186A7BC40056AB33 /* t.bin */ = {isa = PBXFileReference; lastKnownFileType = archive.macbinary; path = t.bin; sourceTree = "<group>"; };
		36134431186A7BC40056AB33 /* u.bin */ = {isa = PBXFileReference; lastKnownFileType = archive.macbinary; path = u.bin; sourceTree = "<group>"; };
		36134432186A7BC40056AB33 /* v.bin */ = {isa = PBXFileReference; lastKnownFileType = archive.macbinary; path = v.bin; sourceTree = "<group>"; };
		36134433186A7BC40056AB33 /* w.bin */ = {isa = PBXFileReference; lastKnownFileType = archive.macbinary; path = w.bin; sourceTree = "<group>"; };
		36134434186A7BC40056AB33 /* x.bin */ = {isa = PBXFileReference; lastKnownFileType = archive.macbinary; path = x.bin; sourceTree = "<group>"; };
		36134435186A7BC40056AB33 /* y.bin */ = {isa = PBXFileReference; lastKnownFileType = archive.macbinary; path = y.bin; sourceTree = "<group>"; };
		36134436186A7BC40056AB33 /* z.bin */ = {isa = PBXFileReference; lastKnownFileType = archive.macbinary; path = z.bin; sourceTree = "<group>"; };
		36134438186A7BC40056AB33 /* dandy.png */ = {isa = PBXFileReference; lastKnownFileType = image.png; path = dandy.png; sourceTree = "<group>"; };
		36134454186A7CB40056AB33 /* Level.h */ = {isa = PBXFileReference; fileEncoding = 4; lastKnownFileType = sourcecode.c.h; path = Level.h; sourceTree = "<group>"; };
		36134455186A7CB40056AB33 /* Level.m */ = {isa = PBXFileReference; fileEncoding = 4; lastKnownFileType = sourcecode.c.objc; path = Level.m; sourceTree = "<group>"; };
		36134457186B5C1C0056AB33 /* DGame.h */ = {isa = PBXFileReference; fileEncoding = 4; lastKnownFileType = sourcecode.c.h; path = DGame.h; sourceTree = "<group>"; };
		36134458186B5C1C0056AB33 /* DGame.m */ = {isa = PBXFileReference; fileEncoding = 4; lastKnownFileType = sourcecode.c.objc; path = DGame.m; sourceTree = "<group>"; };
		3613445A186B6E760056AB33 /* LevelRenderer.h */ = {isa = PBXFileReference; fileEncoding = 4; lastKnownFileType = sourcecode.c.h; path = LevelRenderer.h; sourceTree = "<group>"; };
		3613445B186B6E760056AB33 /* LevelRenderer.m */ = {isa = PBXFileReference; fileEncoding = 4; lastKnownFileType = sourcecode.c.objc; path = LevelRenderer.m; sourceTree = "<group>"; };
		36C00204186A75D0001EBF13 /* Dandy.app */ = {isa = PBXFileReference; explicitFileType = wrapper.application; includeInIndex = 0; path = Dandy.app; sourceTree = BUILT_PRODUCTS_DIR; };
		36C00207186A75D0001EBF13 /* Foundation.framework */ = {isa = PBXFileReference; lastKnownFileType = wrapper.framework; name = Foundation.framework; path = System/Library/Frameworks/Foundation.framework; sourceTree = SDKROOT; };
		36C00209186A75D0001EBF13 /* CoreGraphics.framework */ = {isa = PBXFileReference; lastKnownFileType = wrapper.framework; name = CoreGraphics.framework; path = System/Library/Frameworks/CoreGraphics.framework; sourceTree = SDKROOT; };
		36C0020B186A75D0001EBF13 /* UIKit.framework */ = {isa = PBXFileReference; lastKnownFileType = wrapper.framework; name = UIKit.framework; path = System/Library/Frameworks/UIKit.framework; sourceTree = SDKROOT; };
		36C0020D186A75D0001EBF13 /* GLKit.framework */ = {isa = PBXFileReference; lastKnownFileType = wrapper.framework; name = GLKit.framework; path = System/Library/Frameworks/GLKit.framework; sourceTree = SDKROOT; };
		36C0020F186A75D0001EBF13 /* OpenGLES.framework */ = {isa = PBXFileReference; lastKnownFileType = wrapper.framework; name = OpenGLES.framework; path = System/Library/Frameworks/OpenGLES.framework; sourceTree = SDKROOT; };
		36C00213186A75D0001EBF13 /* Dandy-Info.plist */ = {isa = PBXFileReference; lastKnownFileType = text.plist.xml; path = "Dandy-Info.plist"; sourceTree = "<group>"; };
		36C00215186A75D0001EBF13 /* en */ = {isa = PBXFileReference; lastKnownFileType = text.plist.strings; name = en; path = en.lproj/InfoPlist.strings; sourceTree = "<group>"; };
		36C00217186A75D0001EBF13 /* main.m */ = {isa = PBXFileReference; lastKnownFileType = sourcecode.c.objc; path = main.m; sourceTree = "<group>"; };
		36C00219186A75D0001EBF13 /* Dandy-Prefix.pch */ = {isa = PBXFileReference; lastKnownFileType = sourcecode.c.h; path = "Dandy-Prefix.pch"; sourceTree = "<group>"; };
		36C0021A186A75D0001EBF13 /* DAppDelegate.h */ = {isa = PBXFileReference; lastKnownFileType = sourcecode.c.h; path = DAppDelegate.h; sourceTree = "<group>"; };
		36C0021B186A75D0001EBF13 /* DAppDelegate.m */ = {isa = PBXFileReference; lastKnownFileType = sourcecode.c.objc; path = DAppDelegate.m; sourceTree = "<group>"; };
		36C0021E186A75D0001EBF13 /* Base */ = {isa = PBXFileReference; lastKnownFileType = file.storyboard; name = Base; path = Base.lproj/Main_iPhone.storyboard; sourceTree = "<group>"; };
		36C00221186A75D0001EBF13 /* Base */ = {isa = PBXFileReference; lastKnownFileType = file.storyboard; name = Base; path = Base.lproj/Main_iPad.storyboard; sourceTree = "<group>"; };
		36C00223186A75D0001EBF13 /* Shader.fsh */ = {isa = PBXFileReference; lastKnownFileType = sourcecode.glsl; name = Shader.fsh; path = Shaders/Shader.fsh; sourceTree = "<group>"; };
		36C00225186A75D0001EBF13 /* Shader.vsh */ = {isa = PBXFileReference; lastKnownFileType = sourcecode.glsl; name = Shader.vsh; path = Shaders/Shader.vsh; sourceTree = "<group>"; };
		36C00227186A75D0001EBF13 /* DViewController.h */ = {isa = PBXFileReference; lastKnownFileType = sourcecode.c.h; path = DViewController.h; sourceTree = "<group>"; };
		36C00228186A75D0001EBF13 /* DViewController.m */ = {isa = PBXFileReference; lastKnownFileType = sourcecode.c.objc; path = DViewController.m; sourceTree = "<group>"; };
		36C0022A186A75D0001EBF13 /* Images.xcassets */ = {isa = PBXFileReference; lastKnownFileType = folder.assetcatalog; path = Images.xcassets; sourceTree = "<group>"; };
		36C00230186A75D0001EBF13 /* DandyTests.xctest */ = {isa = PBXFileReference; explicitFileType = wrapper.cfbundle; includeInIndex = 0; path = DandyTests.xctest; sourceTree = BUILT_PRODUCTS_DIR; };
		36C00231186A75D0001EBF13 /* XCTest.framework */ = {isa = PBXFileReference; lastKnownFileType = wrapper.framework; name = XCTest.framework; path = Library/Frameworks/XCTest.framework; sourceTree = DEVELOPER_DIR; };
		36C00239186A75D0001EBF13 /* DandyTests-Info.plist */ = {isa = PBXFileReference; lastKnownFileType = text.plist.xml; path = "DandyTests-Info.plist"; sourceTree = "<group>"; };
		36C0023B186A75D0001EBF13 /* en */ = {isa = PBXFileReference; lastKnownFileType = text.plist.strings; name = en; path = en.lproj/InfoPlist.strings; sourceTree = "<group>"; };
		36C0023D186A75D0001EBF13 /* DandyTests.m */ = {isa = PBXFileReference; lastKnownFileType = sourcecode.c.objc; path = DandyTests.m; sourceTree = "<group>"; };
/* End PBXFileReference section */

/* Begin PBXFrameworksBuildPhase section */
		36C00201186A75D0001EBF13 /* Frameworks */ = {
			isa = PBXFrameworksBuildPhase;
			buildActionMask = 2147483647;
			files = (
				36C00210186A75D0001EBF13 /* OpenGLES.framework in Frameworks */,
				36C0020A186A75D0001EBF13 /* CoreGraphics.framework in Frameworks */,
				36C0020C186A75D0001EBF13 /* UIKit.framework in Frameworks */,
				36C0020E186A75D0001EBF13 /* GLKit.framework in Frameworks */,
				36C00208186A75D0001EBF13 /* Foundation.framework in Frameworks */,
			);
			runOnlyForDeploymentPostprocessing = 0;
		};
		36C0022D186A75D0001EBF13 /* Frameworks */ = {
			isa = PBXFrameworksBuildPhase;
			buildActionMask = 2147483647;
			files = (
				36C00232186A75D0001EBF13 /* XCTest.framework in Frameworks */,
				36C00234186A75D0001EBF13 /* UIKit.framework in Frameworks */,
				36C00233186A75D0001EBF13 /* Foundation.framework in Frameworks */,
			);
			runOnlyForDeploymentPostprocessing = 0;
		};
/* End PBXFrameworksBuildPhase section */

/* Begin PBXGroup section */
		3613441B186A7BC40056AB33 /* assets */ = {
			isa = PBXGroup;
			children = (
				3613441C186A7BC40056AB33 /* levels */,
				36134437186A7BC40056AB33 /* textures */,
			);
			path = assets;
			sourceTree = "<group>";
		};
		3613441C186A7BC40056AB33 /* levels */ = {
			isa = PBXGroup;
			children = (
				3613441D186A7BC40056AB33 /* a.bin */,
				3613441E186A7BC40056AB33 /* b.bin */,
				3613441F186A7BC40056AB33 /* c.bin */,
				36134420186A7BC40056AB33 /* d.bin */,
				36134421186A7BC40056AB33 /* e.bin */,
				36134422186A7BC40056AB33 /* f.bin */,
				36134423186A7BC40056AB33 /* g.bin */,
				36134424186A7BC40056AB33 /* h.bin */,
				36134425186A7BC40056AB33 /* i.bin */,
				36134426186A7BC40056AB33 /* j.bin */,
				36134427186A7BC40056AB33 /* k.bin */,
				36134428186A7BC40056AB33 /* l.bin */,
				36134429186A7BC40056AB33 /* m.bin */,
				3613442A186A7BC40056AB33 /* n.bin */,
				3613442B186A7BC40056AB33 /* o.bin */,
				3613442C186A7BC40056AB33 /* p.bin */,
				3613442D186A7BC40056AB33 /* q.bin */,
				3613442E186A7BC40056AB33 /* r.bin */,
				3613442F186A7BC40056AB33 /* s.bin */,
				36134430186A7BC40056AB33 /* t.bin */,
				36134431186A7BC40056AB33 /* u.bin */,
				36134432186A7BC40056AB33 /* v.bin */,
				36134433186A7BC40056AB33 /* w.bin */,
				36134434186A7BC40056AB33 /* x.bin */,
				36134435186A7BC40056AB33 /* y.bin */,
				36134436186A7BC40056AB33 /* z.bin */,
			);
			path = levels;
			sourceTree = "<group>";
		};
		36134437186A7BC40056AB33 /* textures */ = {
			isa = PBXGroup;
			children = (
				36134438186A7BC40056AB33 /* dandy.png */,
			);
			path = textures;
			sourceTree = "<group>";
		};
		36C001FB186A75D0001EBF13 = {
			isa = PBXGroup;
			children = (
				36C00211186A75D0001EBF13 /* Dandy */,
				36C00237186A75D0001EBF13 /* DandyTests */,
				36C00206186A75D0001EBF13 /* Frameworks */,
				36C00205186A75D0001EBF13 /* Products */,
			);
			sourceTree = "<group>";
		};
		36C00205186A75D0001EBF13 /* Products */ = {
			isa = PBXGroup;
			children = (
				36C00204186A75D0001EBF13 /* Dandy.app */,
				36C00230186A75D0001EBF13 /* DandyTests.xctest */,
			);
			name = Products;
			sourceTree = "<group>";
		};
		36C00206186A75D0001EBF13 /* Frameworks */ = {
			isa = PBXGroup;
			children = (
				36C00207186A75D0001EBF13 /* Foundation.framework */,
				36C00209186A75D0001EBF13 /* CoreGraphics.framework */,
				36C0020B186A75D0001EBF13 /* UIKit.framework */,
				36C0020D186A75D0001EBF13 /* GLKit.framework */,
				36C0020F186A75D0001EBF13 /* OpenGLES.framework */,
				36C00231186A75D0001EBF13 /* XCTest.framework */,
			);
			name = Frameworks;
			sourceTree = "<group>";
		};
		36C00211186A75D0001EBF13 /* Dandy */ = {
			isa = PBXGroup;
			children = (
				3613441B186A7BC40056AB33 /* assets */,
				36C0021A186A75D0001EBF13 /* DAppDelegate.h */,
				36C0021B186A75D0001EBF13 /* DAppDelegate.m */,
				36C0021D186A75D0001EBF13 /* Main_iPhone.storyboard */,
				36C00220186A75D0001EBF13 /* Main_iPad.storyboard */,
				36C00223186A75D0001EBF13 /* Shader.fsh */,
				36C00225186A75D0001EBF13 /* Shader.vsh */,
				36C00227186A75D0001EBF13 /* DViewController.h */,
				36C00228186A75D0001EBF13 /* DViewController.m */,
				36C0022A186A75D0001EBF13 /* Images.xcassets */,
				36C00212186A75D0001EBF13 /* Supporting Files */,
				36134454186A7CB40056AB33 /* Level.h */,
				36134455186A7CB40056AB33 /* Level.m */,
				3613445A186B6E760056AB33 /* LevelRenderer.h */,
				3613445B186B6E760056AB33 /* LevelRenderer.m */,
				36134457186B5C1C0056AB33 /* DGame.h */,
				36134458186B5C1C0056AB33 /* DGame.m */,
			);
			path = Dandy;
			sourceTree = "<group>";
		};
		36C00212186A75D0001EBF13 /* Supporting Files */ = {
			isa = PBXGroup;
			children = (
				36C00213186A75D0001EBF13 /* Dandy-Info.plist */,
				36C00214186A75D0001EBF13 /* InfoPlist.strings */,
				36C00217186A75D0001EBF13 /* main.m */,
				36C00219186A75D0001EBF13 /* Dandy-Prefix.pch */,
			);
			name = "Supporting Files";
			sourceTree = "<group>";
		};
		36C00237186A75D0001EBF13 /* DandyTests */ = {
			isa = PBXGroup;
			children = (
				36C0023D186A75D0001EBF13 /* DandyTests.m */,
				36C00238186A75D0001EBF13 /* Supporting Files */,
			);
			path = DandyTests;
			sourceTree = "<group>";
		};
		36C00238186A75D0001EBF13 /* Supporting Files */ = {
			isa = PBXGroup;
			children = (
				36C00239186A75D0001EBF13 /* DandyTests-Info.plist */,
				36C0023A186A75D0001EBF13 /* InfoPlist.strings */,
			);
			name = "Supporting Files";
			sourceTree = "<group>";
		};
/* End PBXGroup section */

/* Begin PBXNativeTarget section */
		36C00203186A75D0001EBF13 /* Dandy */ = {
			isa = PBXNativeTarget;
			buildConfigurationList = 36C00241186A75D0001EBF13 /* Build configuration list for PBXNativeTarget "Dandy" */;
			buildPhases = (
				36C00200186A75D0001EBF13 /* Sources */,
				36C00201186A75D0001EBF13 /* Frameworks */,
				36C00202186A75D0001EBF13 /* Resources */,
			);
			buildRules = (
			);
			dependencies = (
			);
			name = Dandy;
			productName = Dandy;
			productReference = 36C00204186A75D0001EBF13 /* Dandy.app */;
			productType = "com.apple.product-type.application";
		};
		36C0022F186A75D0001EBF13 /* DandyTests */ = {
			isa = PBXNativeTarget;
			buildConfigurationList = 36C00244186A75D0001EBF13 /* Build configuration list for PBXNativeTarget "DandyTests" */;
			buildPhases = (
				36C0022C186A75D0001EBF13 /* Sources */,
				36C0022D186A75D0001EBF13 /* Frameworks */,
				36C0022E186A75D0001EBF13 /* Resources */,
			);
			buildRules = (
			);
			dependencies = (
				36C00236186A75D0001EBF13 /* PBXTargetDependency */,
			);
			name = DandyTests;
			productName = DandyTests;
			productReference = 36C00230186A75D0001EBF13 /* DandyTests.xctest */;
			productType = "com.apple.product-type.bundle.unit-test";
		};
/* End PBXNativeTarget section */

/* Begin PBXProject section */
		36C001FC186A75D0001EBF13 /* Project object */ = {
			isa = PBXProject;
			attributes = {
				CLASSPREFIX = D;
				LastUpgradeCheck = 0500;
				ORGANIZATIONNAME = "Jack Palevich";
				TargetAttributes = {
					36C0022F186A75D0001EBF13 = {
						TestTargetID = 36C00203186A75D0001EBF13;
					};
				};
			};
			buildConfigurationList = 36C001FF186A75D0001EBF13 /* Build configuration list for PBXProject "Dandy" */;
			compatibilityVersion = "Xcode 3.2";
			developmentRegion = English;
			hasScannedForEncodings = 0;
			knownRegions = (
				en,
				Base,
			);
			mainGroup = 36C001FB186A75D0001EBF13;
			productRefGroup = 36C00205186A75D0001EBF13 /* Products */;
			projectDirPath = "";
			projectRoot = "";
			targets = (
				36C00203186A75D0001EBF13 /* Dandy */,
				36C0022F186A75D0001EBF13 /* DandyTests */,
			);
		};
/* End PBXProject section */

/* Begin PBXResourcesBuildPhase section */
		36C00202186A75D0001EBF13 /* Resources */ = {
			isa = PBXResourcesBuildPhase;
			buildActionMask = 2147483647;
			files = (
				36134450186A7BC40056AB33 /* x.bin in Resources */,
				36134448186A7BC40056AB33 /* p.bin in Resources */,
				36134444186A7BC40056AB33 /* l.bin in Resources */,
				36134441186A7BC40056AB33 /* i.bin in Resources */,
				3613443D186A7BC40056AB33 /* e.bin in Resources */,
				3613443C186A7BC40056AB33 /* d.bin in Resources */,
				36134452186A7BC40056AB33 /* z.bin in Resources */,
				3613443B186A7BC40056AB33 /* c.bin in Resources */,
				3613444A186A7BC40056AB33 /* r.bin in Resources */,
				36134451186A7BC40056AB33 /* y.bin in Resources */,
				36C00224186A75D0001EBF13 /* Shader.fsh in Resources */,
				3613444C186A7BC40056AB33 /* t.bin in Resources */,
				3613444F186A7BC40056AB33 /* w.bin in Resources */,
				3613444D186A7BC40056AB33 /* u.bin in Resources */,
				36134449186A7BC40056AB33 /* q.bin in Resources */,
				36134440186A7BC40056AB33 /* h.bin in Resources */,
				36134453186A7BC40056AB33 /* dandy.png in Resources */,
				36134442186A7BC40056AB33 /* j.bin in Resources */,
				36134445186A7BC40056AB33 /* m.bin in Resources */,
				36C00222186A75D0001EBF13 /* Main_iPad.storyboard in Resources */,
				36134446186A7BC40056AB33 /* n.bin in Resources */,
				36C0021F186A75D0001EBF13 /* Main_iPhone.storyboard in Resources */,
				3613443E186A7BC40056AB33 /* f.bin in Resources */,
				3613444E186A7BC40056AB33 /* v.bin in Resources */,
				36C0022B186A75D0001EBF13 /* Images.xcassets in Resources */,
				3613443F186A7BC40056AB33 /* g.bin in Resources */,
				36134439186A7BC40056AB33 /* a.bin in Resources */,
				36C00216186A75D0001EBF13 /* InfoPlist.strings in Resources */,
				3613444B186A7BC40056AB33 /* s.bin in Resources */,
				3613443A186A7BC40056AB33 /* b.bin in Resources */,
				36134447186A7BC40056AB33 /* o.bin in Resources */,
				36C00226186A75D0001EBF13 /* Shader.vsh in Resources */,
				36134443186A7BC40056AB33 /* k.bin in Resources */,
			);
			runOnlyForDeploymentPostprocessing = 0;
		};
		36C0022E186A75D0001EBF13 /* Resources */ = {
			isa = PBXResourcesBuildPhase;
			buildActionMask = 2147483647;
			files = (
				36C0023C186A75D0001EBF13 /* InfoPlist.strings in Resources */,
			);
			runOnlyForDeploymentPostprocessing = 0;
		};
/* End PBXResourcesBuildPhase section */

/* Begin PBXSourcesBuildPhase section */
		36C00200186A75D0001EBF13 /* Sources */ = {
			isa = PBXSourcesBuildPhase;
			buildActionMask = 2147483647;
			files = (
				36C00229186A75D0001EBF13 /* DViewController.m in Sources */,
				36C00218186A75D0001EBF13 /* main.m in Sources */,
				36134459186B5C1C0056AB33 /* DGame.m in Sources */,
				3613445C186B6E760056AB33 /* LevelRenderer.m in Sources */,
				36C0021C186A75D0001EBF13 /* DAppDelegate.m in Sources */,
				36134456186A7CB40056AB33 /* Level.m in Sources */,
			);
			runOnlyForDeploymentPostprocessing = 0;
		};
		36C0022C186A75D0001EBF13 /* Sources */ = {
			isa = PBXSourcesBuildPhase;
			buildActionMask = 2147483647;
			files = (
				36C0023E186A75D0001EBF13 /* DandyTests.m in Sources */,
			);
			runOnlyForDeploymentPostprocessing = 0;
		};
/* End PBXSourcesBuildPhase section */

/* Begin PBXTargetDependency section */
		36C00236186A75D0001EBF13 /* PBXTargetDependency */ = {
			isa = PBXTargetDependency;
			target = 36C00203186A75D0001EBF13 /* Dandy */;
			targetProxy = 36C00235186A75D0001EBF13 /* PBXContainerItemProxy */;
		};
/* End PBXTargetDependency section */

/* Begin PBXVariantGroup section */
		36C00214186A75D0001EBF13 /* InfoPlist.strings */ = {
			isa = PBXVariantGroup;
			children = (
				36C00215186A75D0001EBF13 /* en */,
			);
			name = InfoPlist.strings;
			sourceTree = "<group>";
		};
		36C0021D186A75D0001EBF13 /* Main_iPhone.storyboard */ = {
			isa = PBXVariantGroup;
			children = (
				36C0021E186A75D0001EBF13 /* Base */,
			);
			name = Main_iPhone.storyboard;
			sourceTree = "<group>";
		};
		36C00220186A75D0001EBF13 /* Main_iPad.storyboard */ = {
			isa = PBXVariantGroup;
			children = (
				36C00221186A75D0001EBF13 /* Base */,
			);
			name = Main_iPad.storyboard;
			sourceTree = "<group>";
		};
		36C0023A186A75D0001EBF13 /* InfoPlist.strings */ = {
			isa = PBXVariantGroup;
			children = (
				36C0023B186A75D0001EBF13 /* en */,
			);
			name = InfoPlist.strings;
			sourceTree = "<group>";
		};
/* End PBXVariantGroup section */

/* Begin XCBuildConfiguration section */
		36C0023F186A75D0001EBF13 /* Debug */ = {
			isa = XCBuildConfiguration;
			buildSettings = {
				ALWAYS_SEARCH_USER_PATHS = NO;
				ARCHS = "$(ARCHS_STANDARD_INCLUDING_64_BIT)";
				CLANG_CXX_LANGUAGE_STANDARD = "gnu++0x";
				CLANG_CXX_LIBRARY = "libc++";
				CLANG_ENABLE_MODULES = YES;
				CLANG_ENABLE_OBJC_ARC = YES;
				CLANG_WARN_BOOL_CONVERSION = YES;
				CLANG_WARN_CONSTANT_CONVERSION = YES;
				CLANG_WARN_DIRECT_OBJC_ISA_USAGE = YES_ERROR;
				CLANG_WARN_EMPTY_BODY = YES;
				CLANG_WARN_ENUM_CONVERSION = YES;
				CLANG_WARN_INT_CONVERSION = YES;
				CLANG_WARN_OBJC_ROOT_CLASS = YES_ERROR;
				CLANG_WARN__DUPLICATE_METHOD_MATCH = YES;
				"CODE_SIGN_IDENTITY[sdk=iphoneos*]" = "iPhone Developer";
				COPY_PHASE_STRIP = NO;
				GCC_C_LANGUAGE_STANDARD = gnu99;
				GCC_DYNAMIC_NO_PIC = NO;
				GCC_OPTIMIZATION_LEVEL = 0;
				GCC_PREPROCESSOR_DEFINITIONS = (
					"DEBUG=1",
					"$(inherited)",
				);
				GCC_SYMBOLS_PRIVATE_EXTERN = NO;
				GCC_WARN_64_TO_32_BIT_CONVERSION = YES;
				GCC_WARN_ABOUT_RETURN_TYPE = YES_ERROR;
				GCC_WARN_UNDECLARED_SELECTOR = YES;
				GCC_WARN_UNINITIALIZED_AUTOS = YES;
				GCC_WARN_UNUSED_FUNCTION = YES;
				GCC_WARN_UNUSED_VARIABLE = YES;
				IPHONEOS_DEPLOYMENT_TARGET = 7.0;
				ONLY_ACTIVE_ARCH = YES;
				SDKROOT = iphoneos;
				TARGETED_DEVICE_FAMILY = "1,2";
			};
			name = Debug;
		};
		36C00240186A75D0001EBF13 /* Release */ = {
			isa = XCBuildConfiguration;
			buildSettings = {
				ALWAYS_SEARCH_USER_PATHS = NO;
				ARCHS = "$(ARCHS_STANDARD_INCLUDING_64_BIT)";
				CLANG_CXX_LANGUAGE_STANDARD = "gnu++0x";
				CLANG_CXX_LIBRARY = "libc++";
				CLANG_ENABLE_MODULES = YES;
				CLANG_ENABLE_OBJC_ARC = YES;
				CLANG_WARN_BOOL_CONVERSION = YES;
				CLANG_WARN_CONSTANT_CONVERSION = YES;
				CLANG_WARN_DIRECT_OBJC_ISA_USAGE = YES_ERROR;
				CLANG_WARN_EMPTY_BODY = YES;
				CLANG_WARN_ENUM_CONVERSION = YES;
				CLANG_WARN_INT_CONVERSION = YES;
				CLANG_WARN_OBJC_ROOT_CLASS = YES_ERROR;
				CLANG_WARN__DUPLICATE_METHOD_MATCH = YES;
				"CODE_SIGN_IDENTITY[sdk=iphoneos*]" = "iPhone Developer";
				COPY_PHASE_STRIP = YES;
				ENABLE_NS_ASSERTIONS = NO;
				GCC_C_LANGUAGE_STANDARD = gnu99;
				GCC_WARN_64_TO_32_BIT_CONVERSION = YES;
				GCC_WARN_ABOUT_RETURN_TYPE = YES_ERROR;
				GCC_WARN_UNDECLARED_SELECTOR = YES;
				GCC_WARN_UNINITIALIZED_AUTOS = YES;
				GCC_WARN_UNUSED_FUNCTION = YES;
				GCC_WARN_UNUSED_VARIABLE = YES;
				IPHONEOS_DEPLOYMENT_TARGET = 7.0;
				SDKROOT = iphoneos;
				TARGETED_DEVICE_FAMILY = "1,2";
				VALIDATE_PRODUCT = YES;
			};
			name = Release;
		};
		36C00242186A75D0001EBF13 /* Debug */ = {
			isa = XCBuildConfiguration;
			buildSettings = {
				ASSETCATALOG_COMPILER_APPICON_NAME = AppIcon;
				ASSETCATALOG_COMPILER_LAUNCHIMAGE_NAME = LaunchImage;
				GCC_PRECOMPILE_PREFIX_HEADER = YES;
				GCC_PREFIX_HEADER = "Dandy/Dandy-Prefix.pch";
				INFOPLIST_FILE = "Dandy/Dandy-Info.plist";
				PRODUCT_NAME = "$(TARGET_NAME)";
				WRAPPER_EXTENSION = app;
			};
			name = Debug;
		};
		36C00243186A75D0001EBF13 /* Release */ = {
			isa = XCBuildConfiguration;
			buildSettings = {
				ASSETCATALOG_COMPILER_APPICON_NAME = AppIcon;
				ASSETCATALOG_COMPILER_LAUNCHIMAGE_NAME = LaunchImage;
				GCC_PRECOMPILE_PREFIX_HEADER = YES;
				GCC_PREFIX_HEADER = "Dandy/Dandy-Prefix.pch";
				INFOPLIST_FILE = "Dandy/Dandy-Info.plist";
				PRODUCT_NAME = "$(TARGET_NAME)";
				WRAPPER_EXTENSION = app;
			};
			name = Release;
		};
		36C00245186A75D0001EBF13 /* Debug */ = {
			isa = XCBuildConfiguration;
			buildSettings = {
				ARCHS = "$(ARCHS_STANDARD_INCLUDING_64_BIT)";
				BUNDLE_LOADER = "$(BUILT_PRODUCTS_DIR)/Dandy.app/Dandy";
				FRAMEWORK_SEARCH_PATHS = (
					"$(SDKROOT)/Developer/Library/Frameworks",
					"$(inherited)",
					"$(DEVELOPER_FRAMEWORKS_DIR)",
				);
				GCC_PRECOMPILE_PREFIX_HEADER = YES;
				GCC_PREFIX_HEADER = "Dandy/Dandy-Prefix.pch";
				GCC_PREPROCESSOR_DEFINITIONS = (
					"DEBUG=1",
					"$(inherited)",
				);
				INFOPLIST_FILE = "DandyTests/DandyTests-Info.plist";
				PRODUCT_NAME = "$(TARGET_NAME)";
				TEST_HOST = "$(BUNDLE_LOADER)";
				WRAPPER_EXTENSION = xctest;
			};
			name = Debug;
		};
		36C00246186A75D0001EBF13 /* Release */ = {
			isa = XCBuildConfiguration;
			buildSettings = {
				ARCHS = "$(ARCHS_STANDARD_INCLUDING_64_BIT)";
				BUNDLE_LOADER = "$(BUILT_PRODUCTS_DIR)/Dandy.app/Dandy";
				FRAMEWORK_SEARCH_PATHS = (
					"$(SDKROOT)/Developer/Library/Frameworks",
					"$(inherited)",
					"$(DEVELOPER_FRAMEWORKS_DIR)",
				);
				GCC_PRECOMPILE_PREFIX_HEADER = YES;
				GCC_PREFIX_HEADER = "Dandy/Dandy-Prefix.pch";
				INFOPLIST_FILE = "DandyTests/DandyTests-Info.plist";
				PRODUCT_NAME = "$(TARGET_NAME)";
				TEST_HOST = "$(BUNDLE_LOADER)";
				WRAPPER_EXTENSION = xctest;
			};
			name = Release;
		};
/* End XCBuildConfiguration section */

/* Begin XCConfigurationList section */
		36C001FF186A75D0001EBF13 /* Build configuration list for PBXProject "Dandy" */ = {
			isa = XCConfigurationList;
			buildConfigurations = (
				36C0023F186A75D0001EBF13 /* Debug */,
				36C00240186A75D0001EBF13 /* Release */,
			);
			defaultConfigurationIsVisible = 0;
			defaultConfigurationName = Release;
		};
		36C00241186A75D0001EBF13 /* Build configuration list for PBXNativeTarget "Dandy" */ = {
			isa = XCConfigurationList;
			buildConfigurations = (
				36C00242186A75D0001EBF13 /* Debug */,
				36C00243186A75D0001EBF13 /* Release */,
			);
			defaultConfigurationIsVisible = 0;
			defaultConfigurationName = Release;
		};
		36C00244186A75D0001EBF13 /* Build configuration list for PBXNativeTarget "DandyTests" */ = {
			isa = XCConfigurationList;
			buildConfigurations = (
				36C00245186A75D0001EBF13 /* Debug */,
				36C00246186A75D0001EBF13 /* Release */,
			);
			defaultConfigurationIsVisible = 0;
			defaultConfigurationName = Release;
		};
/* End XCConfigurationList section */
	};
	rootObject = 36C001FC186A75D0001EBF13 /* Project object */;
}
