// !$*UTF8*$!
{
	archiveVersion = 1;
	classes = {
	};
	objectVersion = 46;
	objects = {

/* Begin PBXBuildFile section */
		364B669E1A28EBD500E61D7A /* main.swift in Sources */ = {isa = PBXBuildFile; fileRef = 364B669D1A28EBD500E61D7A /* main.swift */; };
/* End PBXBuildFile section */

/* Begin PBXCopyFilesBuildPhase section */
		364B66981A28EBD500E61D7A /* CopyFiles */ = {
			isa = PBXCopyFilesBuildPhase;
			buildActionMask = 2147483647;
			dstPath = /usr/share/man/man1/;
			dstSubfolderSpec = 0;
			files = (
			);
			runOnlyForDeploymentPostprocessing = 1;
		};
/* End PBXCopyFilesBuildPhase section */

/* Begin PBXFileReference section */
		364B669A1A28EBD500E61D7A /* dandy-osx-swift-cli */ = {isa = PBXFileReference; explicitFileType = "compiled.mach-o.executable"; includeInIndex = 0; path = "dandy-osx-swift-cli"; sourceTree = BUILT_PRODUCTS_DIR; };
		364B669D1A28EBD500E61D7A /* main.swift */ = {isa = PBXFileReference; lastKnownFileType = sourcecode.swift; path = main.swift; sourceTree = "<group>"; };
/* End PBXFileReference section */

/* Begin PBXFrameworksBuildPhase section */
		364B66971A28EBD500E61D7A /* Frameworks */ = {
			isa = PBXFrameworksBuildPhase;
			buildActionMask = 2147483647;
			files = (
			);
			runOnlyForDeploymentPostprocessing = 0;
		};
/* End PBXFrameworksBuildPhase section */

/* Begin PBXGroup section */
		364B66911A28EBD500E61D7A = {
			isa = PBXGroup;
			children = (
				364B669C1A28EBD500E61D7A /* dandy-osx-swift-cli */,
				364B669B1A28EBD500E61D7A /* Products */,
			);
			sourceTree = "<group>";
		};
		364B669B1A28EBD500E61D7A /* Products */ = {
			isa = PBXGroup;
			children = (
				364B669A1A28EBD500E61D7A /* dandy-osx-swift-cli */,
			);
			name = Products;
			sourceTree = "<group>";
		};
		364B669C1A28EBD500E61D7A /* dandy-osx-swift-cli */ = {
			isa = PBXGroup;
			children = (
				364B669D1A28EBD500E61D7A /* main.swift */,
			);
			path = "dandy-osx-swift-cli";
			sourceTree = "<group>";
		};
/* End PBXGroup section */

/* Begin PBXNativeTarget section */
		364B66991A28EBD500E61D7A /* dandy-osx-swift-cli */ = {
			isa = PBXNativeTarget;
			buildConfigurationList = 364B66A11A28EBD500E61D7A /* Build configuration list for PBXNativeTarget "dandy-osx-swift-cli" */;
			buildPhases = (
				364B66961A28EBD500E61D7A /* Sources */,
				364B66971A28EBD500E61D7A /* Frameworks */,
				364B66981A28EBD500E61D7A /* CopyFiles */,
			);
			buildRules = (
			);
			dependencies = (
			);
			name = "dandy-osx-swift-cli";
			productName = "dandy-osx-swift-cli";
			productReference = 364B669A1A28EBD500E61D7A /* dandy-osx-swift-cli */;
			productType = "com.apple.product-type.tool";
		};
/* End PBXNativeTarget section */

/* Begin PBXProject section */
		364B66921A28EBD500E61D7A /* Project object */ = {
			isa = PBXProject;
			attributes = {
				LastUpgradeCheck = 0620;
				ORGANIZATIONNAME = JacksHacks;
				TargetAttributes = {
					364B66991A28EBD500E61D7A = {
						CreatedOnToolsVersion = 6.2;
					};
				};
			};
			buildConfigurationList = 364B66951A28EBD500E61D7A /* Build configuration list for PBXProject "dandy-osx-swift-cli" */;
			compatibilityVersion = "Xcode 3.2";
			developmentRegion = English;
			hasScannedForEncodings = 0;
			knownRegions = (
				en,
			);
			mainGroup = 364B66911A28EBD500E61D7A;
			productRefGroup = 364B669B1A28EBD500E61D7A /* Products */;
			projectDirPath = "";
			projectRoot = "";
			targets = (
				364B66991A28EBD500E61D7A /* dandy-osx-swift-cli */,
			);
		};
/* End PBXProject section */

/* Begin PBXSourcesBuildPhase section */
		364B66961A28EBD500E61D7A /* Sources */ = {
			isa = PBXSourcesBuildPhase;
			buildActionMask = 2147483647;
			files = (
				364B669E1A28EBD500E61D7A /* main.swift in Sources */,
			);
			runOnlyForDeploymentPostprocessing = 0;
		};
/* End PBXSourcesBuildPhase section */

/* Begin XCBuildConfiguration section */
		364B669F1A28EBD500E61D7A /* Debug */ = {
			isa = XCBuildConfiguration;
			buildSettings = {
				ALWAYS_SEARCH_USER_PATHS = NO;
				CLANG_CXX_LANGUAGE_STANDARD = "gnu++0x";
				CLANG_CXX_LIBRARY = "libc++";
				CLANG_ENABLE_MODULES = YES;
				CLANG_ENABLE_OBJC_ARC = YES;
				CLANG_WARN_BOOL_CONVERSION = YES;
				CLANG_WARN_CONSTANT_CONVERSION = YES;
				CLANG_WARN_DIRECT_OBJC_ISA_USAGE = YES_ERROR;
				CLANG_WARN_EMPTY_BODY = YES;
				CLANG_WARN_ENUM_CONVERSION = YES;
				CLANG_WARN_INT_CONVERSION = YES;
				CLANG_WARN_OBJC_ROOT_CLASS = YES_ERROR;
				CLANG_WARN_UNREACHABLE_CODE = YES;
				CLANG_WARN__DUPLICATE_METHOD_MATCH = YES;
				COPY_PHASE_STRIP = NO;
				ENABLE_STRICT_OBJC_MSGSEND = YES;
				GCC_C_LANGUAGE_STANDARD = gnu99;
				GCC_DYNAMIC_NO_PIC = NO;
				GCC_OPTIMIZATION_LEVEL = 0;
				GCC_PREPROCESSOR_DEFINITIONS = (
					"DEBUG=1",
					"$(inherited)",
				);
				GCC_SYMBOLS_PRIVATE_EXTERN = NO;
				GCC_WARN_64_TO_32_BIT_CONVERSION = YES;
				GCC_WARN_ABOUT_RETURN_TYPE = YES_ERROR;
				GCC_WARN_UNDECLARED_SELECTOR = YES;
				GCC_WARN_UNINITIALIZED_AUTOS = YES_AGGRESSIVE;
				GCC_WARN_UNUSED_FUNCTION = YES;
				GCC_WARN_UNUSED_VARIABLE = YES;
				MACOSX_DEPLOYMENT_TARGET = 10.9;
				MTL_ENABLE_DEBUG_INFO = YES;
				ONLY_ACTIVE_ARCH = YES;
				SDKROOT = macosx;
				SWIFT_OPTIMIZATION_LEVEL = "-Onone";
			};
			name = Debug;
		};
		364B66A01A28EBD500E61D7A /* Release */ = {
			isa = XCBuildConfiguration;
			buildSettings = {
				ALWAYS_SEARCH_USER_PATHS = NO;
				CLANG_CXX_LANGUAGE_STANDARD = "gnu++0x";
				CLANG_CXX_LIBRARY = "libc++";
				CLANG_ENABLE_MODULES = YES;
				CLANG_ENABLE_OBJC_ARC = YES;
				CLANG_WARN_BOOL_CONVERSION = YES;
				CLANG_WARN_CONSTANT_CONVERSION = YES;
				CLANG_WARN_DIRECT_OBJC_ISA_USAGE = YES_ERROR;
				CLANG_WARN_EMPTY_BODY = YES;
				CLANG_WARN_ENUM_CONVERSION = YES;
				CLANG_WARN_INT_CONVERSION = YES;
				CLANG_WARN_OBJC_ROOT_CLASS = YES_ERROR;
				CLANG_WARN_UNREACHABLE_CODE = YES;
				CLANG_WARN__DUPLICATE_METHOD_MATCH = YES;
				COPY_PHASE_STRIP = YES;
				DEBUG_INFORMATION_FORMAT = "dwarf-with-dsym";
				ENABLE_NS_ASSERTIONS = NO;
				ENABLE_STRICT_OBJC_MSGSEND = YES;
				GCC_C_LANGUAGE_STANDARD = gnu99;
				GCC_WARN_64_TO_32_BIT_CONVERSION = YES;
				GCC_WARN_ABOUT_RETURN_TYPE = YES_ERROR;
				GCC_WARN_UNDECLARED_SELECTOR = YES;
				GCC_WARN_UNINITIALIZED_AUTOS = YES_AGGRESSIVE;
				GCC_WARN_UNUSED_FUNCTION = YES;
				GCC_WARN_UNUSED_VARIABLE = YES;
				MACOSX_DEPLOYMENT_TARGET = 10.9;
				MTL_ENABLE_DEBUG_INFO = NO;
				SDKROOT = macosx;
			};
			name = Release;
		};
		364B66A21A28EBD500E61D7A /* Debug */ = {
			isa = XCBuildConfiguration;
			buildSettings = {
				PRODUCT_NAME = "$(TARGET_NAME)";
			};
			name = Debug;
		};
		364B66A31A28EBD500E61D7A /* Release */ = {
			isa = XCBuildConfiguration;
			buildSettings = {
				PRODUCT_NAME = "$(TARGET_NAME)";
			};
			name = Release;
		};
/* End XCBuildConfiguration section */

/* Begin XCConfigurationList section */
		364B66951A28EBD500E61D7A /* Build configuration list for PBXProject "dandy-osx-swift-cli" */ = {
			isa = XCConfigurationList;
			buildConfigurations = (
				364B669F1A28EBD500E61D7A /* Debug */,
				364B66A01A28EBD500E61D7A /* Release */,
			);
			defaultConfigurationIsVisible = 0;
			defaultConfigurationName = Release;
		};
		364B66A11A28EBD500E61D7A /* Build configuration list for PBXNativeTarget "dandy-osx-swift-cli" */ = {
			isa = XCConfigurationList;
			buildConfigurations = (
				364B66A21A28EBD500E61D7A /* Debug */,
				364B66A31A28EBD500E61D7A /* Release */,
			);
			defaultConfigurationIsVisible = 0;
		};
/* End XCConfigurationList section */
	};
	rootObject = 364B66921A28EBD500E61D7A /* Project object */;
}
