Microsoft Visual Studio Solution File, Format Version 8.00
Project("{FAE04EC0-301F-11D3-BF4B-00C04F79EFBC}") = "Dandy", "Dandy.csproj", "{733C84E7-58F2-4E09-AC82-78AFD7E7BDD3}"
	ProjectSection(ProjectDependencies) = postProject
	EndProjectSection
EndProject
Global
	GlobalSection(SolutionConfiguration) = preSolution
		Debug = Debug
		Release = Release
	EndGlobalSection
	GlobalSection(ProjectConfiguration) = postSolution
		{733C84E7-58F2-4E09-AC82-78AFD7E7BDD3}.Debug.ActiveCfg = Debug|.NET
		{733C84E7-58F2-4E09-AC82-78AFD7E7BDD3}.Debug.Build.0 = Debug|.NET
		{733C84E7-58F2-4E09-AC82-78AFD7E7BDD3}.Release.ActiveCfg = Release|.NET
		{733C84E7-58F2-4E09-AC82-78AFD7E7BDD3}.Release.Build.0 = Release|.NET
	EndGlobalSection
	GlobalSection(ExtensibilityGlobals) = postSolution
	EndGlobalSection
	GlobalSection(ExtensibilityAddIns) = postSolution
	EndGlobalSection
EndGlobal
