
Microsoft Visual Studio Solution File, Format Version 9.00
# Visual Studio 2005
Project("{94D665CA-D915-4DE1-AA53-913450A1AE2D}") = "FSharpDandyXbox", "FSharpDandy\FSharpDandyXbox.fsharpp", "{CFF6FBA4-DEC4-4BF4-B8CC-72AC9B6A92A0}"
EndProject
Project("{94D665CA-D915-4DE1-AA53-913450A1AE2D}") = "FSharpDandyWindows", "FSharpDandyWindows\FSharpDandyWindows.fsharpp", "{E673FA9C-E6FF-4987-B7C6-C492ECC7A514}"
EndProject
Global
	GlobalSection(SolutionConfigurationPlatforms) = preSolution
		Debug|Any CPU = Debug|Any CPU
		Debug|Mixed Platforms = Debug|Mixed Platforms
		Debug|Win32 = Debug|Win32
		Release|Any CPU = Release|Any CPU
		Release|Mixed Platforms = Release|Mixed Platforms
		Release|Win32 = Release|Win32
	EndGlobalSection
	GlobalSection(ProjectConfigurationPlatforms) = postSolution
		{CFF6FBA4-DEC4-4BF4-B8CC-72AC9B6A92A0}.Debug|Any CPU.ActiveCfg = Debug|Win32
		{CFF6FBA4-DEC4-4BF4-B8CC-72AC9B6A92A0}.Debug|Mixed Platforms.ActiveCfg = Debug|Win32
		{CFF6FBA4-DEC4-4BF4-B8CC-72AC9B6A92A0}.Debug|Mixed Platforms.Build.0 = Debug|Win32
		{CFF6FBA4-DEC4-4BF4-B8CC-72AC9B6A92A0}.Debug|Win32.ActiveCfg = Debug|Win32
		{CFF6FBA4-DEC4-4BF4-B8CC-72AC9B6A92A0}.Debug|Win32.Build.0 = Debug|Win32
		{CFF6FBA4-DEC4-4BF4-B8CC-72AC9B6A92A0}.Release|Any CPU.ActiveCfg = Release|Win32
		{CFF6FBA4-DEC4-4BF4-B8CC-72AC9B6A92A0}.Release|Mixed Platforms.ActiveCfg = Release|Win32
		{CFF6FBA4-DEC4-4BF4-B8CC-72AC9B6A92A0}.Release|Mixed Platforms.Build.0 = Release|Win32
		{CFF6FBA4-DEC4-4BF4-B8CC-72AC9B6A92A0}.Release|Win32.ActiveCfg = Release|Win32
		{CFF6FBA4-DEC4-4BF4-B8CC-72AC9B6A92A0}.Release|Win32.Build.0 = Release|Win32
		{E673FA9C-E6FF-4987-B7C6-C492ECC7A514}.Debug|Any CPU.ActiveCfg = Debug|Win32
		{E673FA9C-E6FF-4987-B7C6-C492ECC7A514}.Debug|Mixed Platforms.ActiveCfg = Debug|Win32
		{E673FA9C-E6FF-4987-B7C6-C492ECC7A514}.Debug|Mixed Platforms.Build.0 = Debug|Win32
		{E673FA9C-E6FF-4987-B7C6-C492ECC7A514}.Debug|Win32.ActiveCfg = Debug|Win32
		{E673FA9C-E6FF-4987-B7C6-C492ECC7A514}.Debug|Win32.Build.0 = Debug|Win32
		{E673FA9C-E6FF-4987-B7C6-C492ECC7A514}.Release|Any CPU.ActiveCfg = Release|Win32
		{E673FA9C-E6FF-4987-B7C6-C492ECC7A514}.Release|Mixed Platforms.ActiveCfg = Release|Win32
		{E673FA9C-E6FF-4987-B7C6-C492ECC7A514}.Release|Mixed Platforms.Build.0 = Release|Win32
		{E673FA9C-E6FF-4987-B7C6-C492ECC7A514}.Release|Win32.ActiveCfg = Release|Win32
		{E673FA9C-E6FF-4987-B7C6-C492ECC7A514}.Release|Win32.Build.0 = Release|Win32
	EndGlobalSection
	GlobalSection(SolutionProperties) = preSolution
		HideSolutionNode = FALSE
	EndGlobalSection
EndGlobal
